
Microsoft Visual Studio Solution File, Format Version 12.00
# Visual Studio Version 17
VisualStudioVersion = 17.1.32210.238
MinimumVisualStudioVersion = 10.0.40219.1
Project("{9A19103F-16F7-4668-BE54-9A1E7A4F7556}") = "MyStack", "Stack_exercise\MyStack.csproj", "{50CBC811-411B-418E-BD6F-2568F3B9FD7C}"
EndProject
Project("{9A19103F-16F7-4668-BE54-9A1E7A4F7556}") = "SingleLinkedList", "SingleLinkedListTests\SingleLinkedList.csproj", "{6C791BA9-CA42-42B3-BB82-26679D5878B2}"
EndProject
Project("{9A19103F-16F7-4668-BE54-9A1E7A4F7556}") = "SortAlgorithmTest", "SortAlgorithmTest\SortAlgorithmTest.csproj", "{AD7598A0-B5C1-489B-A0FA-88BA649731CB}"
EndProject
Project("{9A19103F-16F7-4668-BE54-9A1E7A4F7556}") = "Common", "Common\Common.csproj", "{0252EF55-34E5-4556-8085-0A05FFB59D84}"
EndProject
Project("{9A19103F-16F7-4668-BE54-9A1E7A4F7556}") = "StackUnitTests", "StackUnitTests\StackUnitTests.csproj", "{43FB3AC8-7E2B-47F8-A920-D53471048A1A}"
EndProject
Project("{9A19103F-16F7-4668-BE54-9A1E7A4F7556}") = "SingleLinkedList_UnitTests", "SingleLinkedList_UnitTests\SingleLinkedList_UnitTests.csproj", "{9CD1FA1B-37A6-451E-AB82-F63A18966C14}"
EndProject
Global
	GlobalSection(SolutionConfigurationPlatforms) = preSolution
		Debug|Any CPU = Debug|Any CPU
		Release|Any CPU = Release|Any CPU
	EndGlobalSection
	GlobalSection(ProjectConfigurationPlatforms) = postSolution
		{50CBC811-411B-418E-BD6F-2568F3B9FD7C}.Debug|Any CPU.ActiveCfg = Debug|Any CPU
		{50CBC811-411B-418E-BD6F-2568F3B9FD7C}.Debug|Any CPU.Build.0 = Debug|Any CPU
		{50CBC811-411B-418E-BD6F-2568F3B9FD7C}.Release|Any CPU.ActiveCfg = Release|Any CPU
		{50CBC811-411B-418E-BD6F-2568F3B9FD7C}.Release|Any CPU.Build.0 = Release|Any CPU
		{6C791BA9-CA42-42B3-BB82-26679D5878B2}.Debug|Any CPU.ActiveCfg = Release|Any CPU
		{6C791BA9-CA42-42B3-BB82-26679D5878B2}.Debug|Any CPU.Build.0 = Release|Any CPU
		{6C791BA9-CA42-42B3-BB82-26679D5878B2}.Release|Any CPU.ActiveCfg = Release|Any CPU
		{6C791BA9-CA42-42B3-BB82-26679D5878B2}.Release|Any CPU.Build.0 = Release|Any CPU
		{AD7598A0-B5C1-489B-A0FA-88BA649731CB}.Debug|Any CPU.ActiveCfg = Debug|Any CPU
		{AD7598A0-B5C1-489B-A0FA-88BA649731CB}.Debug|Any CPU.Build.0 = Debug|Any CPU
		{AD7598A0-B5C1-489B-A0FA-88BA649731CB}.Release|Any CPU.ActiveCfg = Release|Any CPU
		{AD7598A0-B5C1-489B-A0FA-88BA649731CB}.Release|Any CPU.Build.0 = Release|Any CPU
		{0252EF55-34E5-4556-8085-0A05FFB59D84}.Debug|Any CPU.ActiveCfg = Release|Any CPU
		{0252EF55-34E5-4556-8085-0A05FFB59D84}.Debug|Any CPU.Build.0 = Release|Any CPU
		{0252EF55-34E5-4556-8085-0A05FFB59D84}.Release|Any CPU.ActiveCfg = Release|Any CPU
		{0252EF55-34E5-4556-8085-0A05FFB59D84}.Release|Any CPU.Build.0 = Release|Any CPU
		{43FB3AC8-7E2B-47F8-A920-D53471048A1A}.Debug|Any CPU.ActiveCfg = Debug|Any CPU
		{43FB3AC8-7E2B-47F8-A920-D53471048A1A}.Debug|Any CPU.Build.0 = Debug|Any CPU
		{43FB3AC8-7E2B-47F8-A920-D53471048A1A}.Release|Any CPU.ActiveCfg = Release|Any CPU
		{43FB3AC8-7E2B-47F8-A920-D53471048A1A}.Release|Any CPU.Build.0 = Release|Any CPU
		{9CD1FA1B-37A6-451E-AB82-F63A18966C14}.Debug|Any CPU.ActiveCfg = Debug|Any CPU
		{9CD1FA1B-37A6-451E-AB82-F63A18966C14}.Debug|Any CPU.Build.0 = Debug|Any CPU
		{9CD1FA1B-37A6-451E-AB82-F63A18966C14}.Release|Any CPU.ActiveCfg = Release|Any CPU
		{9CD1FA1B-37A6-451E-AB82-F63A18966C14}.Release|Any CPU.Build.0 = Release|Any CPU
	EndGlobalSection
	GlobalSection(SolutionProperties) = preSolution
		HideSolutionNode = FALSE
	EndGlobalSection
	GlobalSection(ExtensibilityGlobals) = postSolution
		SolutionGuid = {766956A3-B905-4EBA-AB79-66DAD2F76A1C}
	EndGlobalSection
EndGlobal
